// !$*UTF8*$!
{
	archiveVersion = 1;
	classes = {
	};
	objectVersion = 55;
	objects = {

/* Begin PBXBuildFile section */
		A108A81428437CD900580028 /* Coordinator.swift in Sources */ = {isa = PBXBuildFile; fileRef = A108A81328437CD900580028 /* Coordinator.swift */; };
		A108A81628437D0D00580028 /* AppCoordinator.swift in Sources */ = {isa = PBXBuildFile; fileRef = A108A81528437D0D00580028 /* AppCoordinator.swift */; };
		A108A81A28437E6B00580028 /* Storyboardable.swift in Sources */ = {isa = PBXBuildFile; fileRef = A108A81928437E6B00580028 /* Storyboardable.swift */; };
		A108A81C284384CD00580028 /* MainViewController.swift in Sources */ = {isa = PBXBuildFile; fileRef = A108A81B284384CD00580028 /* MainViewController.swift */; };
		A108A81E284384D900580028 /* DetailViewController.swift in Sources */ = {isa = PBXBuildFile; fileRef = A108A81D284384D900580028 /* DetailViewController.swift */; };
		A108A8202843852200580028 /* MainViewModel.swift in Sources */ = {isa = PBXBuildFile; fileRef = A108A81F2843852200580028 /* MainViewModel.swift */; };
		A108A8222843852E00580028 /* DetailViewModel.swift in Sources */ = {isa = PBXBuildFile; fileRef = A108A8212843852E00580028 /* DetailViewModel.swift */; };
		A108A8242843856000580028 /* UserData.swift in Sources */ = {isa = PBXBuildFile; fileRef = A108A8232843856000580028 /* UserData.swift */; };
		A108A8272844E83100580028 /* UserDefaultManager.swift in Sources */ = {isa = PBXBuildFile; fileRef = A108A8262844E83100580028 /* UserDefaultManager.swift */; };
		A1BA48172840BBD500A0997A /* AppDelegate.swift in Sources */ = {isa = PBXBuildFile; fileRef = A1BA48162840BBD500A0997A /* AppDelegate.swift */; };
		A1BA481B2840BBD500A0997A /* LoginViewController.swift in Sources */ = {isa = PBXBuildFile; fileRef = A1BA481A2840BBD500A0997A /* LoginViewController.swift */; };
		A1BA481E2840BBD500A0997A /* Main.storyboard in Resources */ = {isa = PBXBuildFile; fileRef = A1BA481C2840BBD500A0997A /* Main.storyboard */; };
		A1BA48202840BBD800A0997A /* Assets.xcassets in Resources */ = {isa = PBXBuildFile; fileRef = A1BA481F2840BBD800A0997A /* Assets.xcassets */; };
		A1BA48232840BBD800A0997A /* LaunchScreen.storyboard in Resources */ = {isa = PBXBuildFile; fileRef = A1BA48212840BBD800A0997A /* LaunchScreen.storyboard */; };
		A1BA482F2840F17000A0997A /* User.swift in Sources */ = {isa = PBXBuildFile; fileRef = A1BA482E2840F17000A0997A /* User.swift */; };
		A1BA48342840F32300A0997A /* LoginViewModel.swift in Sources */ = {isa = PBXBuildFile; fileRef = A1BA48332840F32300A0997A /* LoginViewModel.swift */; };
/* End PBXBuildFile section */

/* Begin PBXFileReference section */
		A108A81328437CD900580028 /* Coordinator.swift */ = {isa = PBXFileReference; lastKnownFileType = sourcecode.swift; path = Coordinator.swift; sourceTree = "<group>"; };
		A108A81528437D0D00580028 /* AppCoordinator.swift */ = {isa = PBXFileReference; lastKnownFileType = sourcecode.swift; path = AppCoordinator.swift; sourceTree = "<group>"; };
		A108A81928437E6B00580028 /* Storyboardable.swift */ = {isa = PBXFileReference; lastKnownFileType = sourcecode.swift; path = Storyboardable.swift; sourceTree = "<group>"; };
		A108A81B284384CD00580028 /* MainViewController.swift */ = {isa = PBXFileReference; lastKnownFileType = sourcecode.swift; path = MainViewController.swift; sourceTree = "<group>"; };
		A108A81D284384D900580028 /* DetailViewController.swift */ = {isa = PBXFileReference; lastKnownFileType = sourcecode.swift; path = DetailViewController.swift; sourceTree = "<group>"; };
		A108A81F2843852200580028 /* MainViewModel.swift */ = {isa = PBXFileReference; lastKnownFileType = sourcecode.swift; path = MainViewModel.swift; sourceTree = "<group>"; };
		A108A8212843852E00580028 /* DetailViewModel.swift */ = {isa = PBXFileReference; lastKnownFileType = sourcecode.swift; path = DetailViewModel.swift; sourceTree = "<group>"; };
		A108A8232843856000580028 /* UserData.swift */ = {isa = PBXFileReference; lastKnownFileType = sourcecode.swift; path = UserData.swift; sourceTree = "<group>"; };
		A108A8262844E83100580028 /* UserDefaultManager.swift */ = {isa = PBXFileReference; lastKnownFileType = sourcecode.swift; path = UserDefaultManager.swift; sourceTree = "<group>"; };
		A1BA48132840BBD500A0997A /* MVVM_TestProject.app */ = {isa = PBXFileReference; explicitFileType = wrapper.application; includeInIndex = 0; path = MVVM_TestProject.app; sourceTree = BUILT_PRODUCTS_DIR; };
		A1BA48162840BBD500A0997A /* AppDelegate.swift */ = {isa = PBXFileReference; lastKnownFileType = sourcecode.swift; path = AppDelegate.swift; sourceTree = "<group>"; };
		A1BA481A2840BBD500A0997A /* LoginViewController.swift */ = {isa = PBXFileReference; lastKnownFileType = sourcecode.swift; path = LoginViewController.swift; sourceTree = "<group>"; };
		A1BA481D2840BBD500A0997A /* Base */ = {isa = PBXFileReference; lastKnownFileType = file.storyboard; name = Base; path = Base.lproj/Main.storyboard; sourceTree = "<group>"; };
		A1BA481F2840BBD800A0997A /* Assets.xcassets */ = {isa = PBXFileReference; lastKnownFileType = folder.assetcatalog; path = Assets.xcassets; sourceTree = "<group>"; };
		A1BA48222840BBD800A0997A /* Base */ = {isa = PBXFileReference; lastKnownFileType = file.storyboard; name = Base; path = Base.lproj/LaunchScreen.storyboard; sourceTree = "<group>"; };
		A1BA48242840BBD800A0997A /* Info.plist */ = {isa = PBXFileReference; lastKnownFileType = text.plist.xml; path = Info.plist; sourceTree = "<group>"; };
		A1BA482E2840F17000A0997A /* User.swift */ = {isa = PBXFileReference; lastKnownFileType = sourcecode.swift; path = User.swift; sourceTree = "<group>"; };
		A1BA48332840F32300A0997A /* LoginViewModel.swift */ = {isa = PBXFileReference; lastKnownFileType = sourcecode.swift; path = LoginViewModel.swift; sourceTree = "<group>"; };
/* End PBXFileReference section */

/* Begin PBXFrameworksBuildPhase section */
		A1BA48102840BBD500A0997A /* Frameworks */ = {
			isa = PBXFrameworksBuildPhase;
			buildActionMask = 2147483647;
			files = (
			);
			runOnlyForDeploymentPostprocessing = 0;
		};
/* End PBXFrameworksBuildPhase section */

/* Begin PBXGroup section */
		A108A81128437CB900580028 /* Coordinators */ = {
			isa = PBXGroup;
			children = (
				A108A81228437CCD00580028 /* Protocols */,
				A108A81528437D0D00580028 /* AppCoordinator.swift */,
			);
			path = Coordinators;
			sourceTree = "<group>";
		};
		A108A81228437CCD00580028 /* Protocols */ = {
			isa = PBXGroup;
			children = (
				A108A81328437CD900580028 /* Coordinator.swift */,
			);
			path = Protocols;
			sourceTree = "<group>";
		};
		A108A81728437E5A00580028 /* Views */ = {
			isa = PBXGroup;
			children = (
				A108A81828437E5F00580028 /* Protocols */,
			);
			path = Views;
			sourceTree = "<group>";
		};
		A108A81828437E5F00580028 /* Protocols */ = {
			isa = PBXGroup;
			children = (
				A108A81928437E6B00580028 /* Storyboardable.swift */,
			);
			path = Protocols;
			sourceTree = "<group>";
		};
		A108A8252844E82500580028 /* Manager */ = {
			isa = PBXGroup;
			children = (
				A108A8262844E83100580028 /* UserDefaultManager.swift */,
			);
			path = Manager;
			sourceTree = "<group>";
		};
		A1BA480A2840BBD500A0997A = {
			isa = PBXGroup;
			children = (
				A1BA48152840BBD500A0997A /* MVVM_TestProject */,
				A1BA48142840BBD500A0997A /* Products */,
			);
			sourceTree = "<group>";
		};
		A1BA48142840BBD500A0997A /* Products */ = {
			isa = PBXGroup;
			children = (
				A1BA48132840BBD500A0997A /* MVVM_TestProject.app */,
			);
			name = Products;
			sourceTree = "<group>";
		};
		A1BA48152840BBD500A0997A /* MVVM_TestProject */ = {
			isa = PBXGroup;
			children = (
				A1BA48162840BBD500A0997A /* AppDelegate.swift */,
				A108A8252844E82500580028 /* Manager */,
				A108A81128437CB900580028 /* Coordinators */,
				A1BA48352841281200A0997A /* ViewController */,
				A1BA482B2840F0D400A0997A /* ViewModels */,
				A1BA482C2840F0DF00A0997A /* Models */,
				A1BA482D2840F0EB00A0997A /* Storyboards */,
				A1BA481F2840BBD800A0997A /* Assets.xcassets */,
				A108A81728437E5A00580028 /* Views */,
				A1BA48242840BBD800A0997A /* Info.plist */,
			);
			path = MVVM_TestProject;
			sourceTree = "<group>";
		};
		A1BA482B2840F0D400A0997A /* ViewModels */ = {
			isa = PBXGroup;
			children = (
				A1BA48332840F32300A0997A /* LoginViewModel.swift */,
				A108A81F2843852200580028 /* MainViewModel.swift */,
				A108A8212843852E00580028 /* DetailViewModel.swift */,
			);
			path = ViewModels;
			sourceTree = "<group>";
		};
		A1BA482C2840F0DF00A0997A /* Models */ = {
			isa = PBXGroup;
			children = (
				A1BA482E2840F17000A0997A /* User.swift */,
				A108A8232843856000580028 /* UserData.swift */,
			);
			path = Models;
			sourceTree = "<group>";
		};
		A1BA482D2840F0EB00A0997A /* Storyboards */ = {
			isa = PBXGroup;
			children = (
				A1BA481C2840BBD500A0997A /* Main.storyboard */,
				A1BA48212840BBD800A0997A /* LaunchScreen.storyboard */,
			);
			path = Storyboards;
			sourceTree = "<group>";
		};
		A1BA48352841281200A0997A /* ViewController */ = {
			isa = PBXGroup;
			children = (
				A1BA481A2840BBD500A0997A /* LoginViewController.swift */,
				A108A81B284384CD00580028 /* MainViewController.swift */,
				A108A81D284384D900580028 /* DetailViewController.swift */,
			);
			path = ViewController;
			sourceTree = "<group>";
		};
/* End PBXGroup section */

/* Begin PBXNativeTarget section */
		A1BA48122840BBD500A0997A /* MVVM_TestProject */ = {
			isa = PBXNativeTarget;
			buildConfigurationList = A1BA48272840BBD800A0997A /* Build configuration list for PBXNativeTarget "MVVM_TestProject" */;
			buildPhases = (
				A1BA480F2840BBD500A0997A /* Sources */,
				A1BA48102840BBD500A0997A /* Frameworks */,
				A1BA48112840BBD500A0997A /* Resources */,
			);
			buildRules = (
			);
			dependencies = (
			);
			name = MVVM_TestProject;
			productName = MVVM_TestProject;
			productReference = A1BA48132840BBD500A0997A /* MVVM_TestProject.app */;
			productType = "com.apple.product-type.application";
		};
/* End PBXNativeTarget section */

/* Begin PBXProject section */
		A1BA480B2840BBD500A0997A /* Project object */ = {
			isa = PBXProject;
			attributes = {
				BuildIndependentTargetsInParallel = 1;
				LastSwiftUpdateCheck = 1330;
				LastUpgradeCheck = 1330;
				TargetAttributes = {
					A1BA48122840BBD500A0997A = {
						CreatedOnToolsVersion = 13.3.1;
					};
				};
			};
			buildConfigurationList = A1BA480E2840BBD500A0997A /* Build configuration list for PBXProject "MVVM_TestProject" */;
			compatibilityVersion = "Xcode 13.0";
			developmentRegion = en;
			hasScannedForEncodings = 0;
			knownRegions = (
				en,
				Base,
			);
			mainGroup = A1BA480A2840BBD500A0997A;
			productRefGroup = A1BA48142840BBD500A0997A /* Products */;
			projectDirPath = "";
			projectRoot = "";
			targets = (
				A1BA48122840BBD500A0997A /* MVVM_TestProject */,
			);
		};
/* End PBXProject section */

/* Begin PBXResourcesBuildPhase section */
		A1BA48112840BBD500A0997A /* Resources */ = {
			isa = PBXResourcesBuildPhase;
			buildActionMask = 2147483647;
			files = (
				A1BA48232840BBD800A0997A /* LaunchScreen.storyboard in Resources */,
				A1BA48202840BBD800A0997A /* Assets.xcassets in Resources */,
				A1BA481E2840BBD500A0997A /* Main.storyboard in Resources */,
			);
			runOnlyForDeploymentPostprocessing = 0;
		};
/* End PBXResourcesBuildPhase section */

/* Begin PBXSourcesBuildPhase section */
		A1BA480F2840BBD500A0997A /* Sources */ = {
			isa = PBXSourcesBuildPhase;
			buildActionMask = 2147483647;
			files = (
				A108A81E284384D900580028 /* DetailViewController.swift in Sources */,
				A108A81628437D0D00580028 /* AppCoordinator.swift in Sources */,
				A1BA482F2840F17000A0997A /* User.swift in Sources */,
				A108A81A28437E6B00580028 /* Storyboardable.swift in Sources */,
				A1BA481B2840BBD500A0997A /* LoginViewController.swift in Sources */,
				A108A8202843852200580028 /* MainViewModel.swift in Sources */,
				A108A8242843856000580028 /* UserData.swift in Sources */,
				A108A81428437CD900580028 /* Coordinator.swift in Sources */,
				A1BA48172840BBD500A0997A /* AppDelegate.swift in Sources */,
				A108A8272844E83100580028 /* UserDefaultManager.swift in Sources */,
				A1BA48342840F32300A0997A /* LoginViewModel.swift in Sources */,
				A108A8222843852E00580028 /* DetailViewModel.swift in Sources */,
				A108A81C284384CD00580028 /* MainViewController.swift in Sources */,
			);
			runOnlyForDeploymentPostprocessing = 0;
		};
/* End PBXSourcesBuildPhase section */

/* Begin PBXVariantGroup section */
		A1BA481C2840BBD500A0997A /* Main.storyboard */ = {
			isa = PBXVariantGroup;
			children = (
				A1BA481D2840BBD500A0997A /* Base */,
			);
			name = Main.storyboard;
			sourceTree = "<group>";
		};
		A1BA48212840BBD800A0997A /* LaunchScreen.storyboard */ = {
			isa = PBXVariantGroup;
			children = (
				A1BA48222840BBD800A0997A /* Base */,
			);
			name = LaunchScreen.storyboard;
			sourceTree = "<group>";
		};
/* End PBXVariantGroup section */

/* Begin XCBuildConfiguration section */
		A1BA48252840BBD800A0997A /* Debug */ = {
			isa = XCBuildConfiguration;
			buildSettings = {
				ALWAYS_SEARCH_USER_PATHS = NO;
				CLANG_ANALYZER_NONNULL = YES;
				CLANG_ANALYZER_NUMBER_OBJECT_CONVERSION = YES_AGGRESSIVE;
				CLANG_CXX_LANGUAGE_STANDARD = "gnu++17";
				CLANG_ENABLE_MODULES = YES;
				CLANG_ENABLE_OBJC_ARC = YES;
				CLANG_ENABLE_OBJC_WEAK = YES;
				CLANG_WARN_BLOCK_CAPTURE_AUTORELEASING = YES;
				CLANG_WARN_BOOL_CONVERSION = YES;
				CLANG_WARN_COMMA = YES;
				CLANG_WARN_CONSTANT_CONVERSION = YES;
				CLANG_WARN_DEPRECATED_OBJC_IMPLEMENTATIONS = YES;
				CLANG_WARN_DIRECT_OBJC_ISA_USAGE = YES_ERROR;
				CLANG_WARN_DOCUMENTATION_COMMENTS = YES;
				CLANG_WARN_EMPTY_BODY = YES;
				CLANG_WARN_ENUM_CONVERSION = YES;
				CLANG_WARN_INFINITE_RECURSION = YES;
				CLANG_WARN_INT_CONVERSION = YES;
				CLANG_WARN_NON_LITERAL_NULL_CONVERSION = YES;
				CLANG_WARN_OBJC_IMPLICIT_RETAIN_SELF = YES;
				CLANG_WARN_OBJC_LITERAL_CONVERSION = YES;
				CLANG_WARN_OBJC_ROOT_CLASS = YES_ERROR;
				CLANG_WARN_QUOTED_INCLUDE_IN_FRAMEWORK_HEADER = YES;
				CLANG_WARN_RANGE_LOOP_ANALYSIS = YES;
				CLANG_WARN_STRICT_PROTOTYPES = YES;
				CLANG_WARN_SUSPICIOUS_MOVE = YES;
				CLANG_WARN_UNGUARDED_AVAILABILITY = YES_AGGRESSIVE;
				CLANG_WARN_UNREACHABLE_CODE = YES;
				CLANG_WARN__DUPLICATE_METHOD_MATCH = YES;
				COPY_PHASE_STRIP = NO;
				DEBUG_INFORMATION_FORMAT = dwarf;
				ENABLE_STRICT_OBJC_MSGSEND = YES;
				ENABLE_TESTABILITY = YES;
				GCC_C_LANGUAGE_STANDARD = gnu11;
				GCC_DYNAMIC_NO_PIC = NO;
				GCC_NO_COMMON_BLOCKS = YES;
				GCC_OPTIMIZATION_LEVEL = 0;
				GCC_PREPROCESSOR_DEFINITIONS = (
					"DEBUG=1",
					"$(inherited)",
				);
				GCC_WARN_64_TO_32_BIT_CONVERSION = YES;
				GCC_WARN_ABOUT_RETURN_TYPE = YES_ERROR;
				GCC_WARN_UNDECLARED_SELECTOR = YES;
				GCC_WARN_UNINITIALIZED_AUTOS = YES_AGGRESSIVE;
				GCC_WARN_UNUSED_FUNCTION = YES;
				GCC_WARN_UNUSED_VARIABLE = YES;
				IPHONEOS_DEPLOYMENT_TARGET = 15.4;
				MTL_ENABLE_DEBUG_INFO = INCLUDE_SOURCE;
				MTL_FAST_MATH = YES;
				ONLY_ACTIVE_ARCH = YES;
				SDKROOT = iphoneos;
				SWIFT_ACTIVE_COMPILATION_CONDITIONS = DEBUG;
				SWIFT_OPTIMIZATION_LEVEL = "-Onone";
			};
			name = Debug;
		};
		A1BA48262840BBD800A0997A /* Release */ = {
			isa = XCBuildConfiguration;
			buildSettings = {
				ALWAYS_SEARCH_USER_PATHS = NO;
				CLANG_ANALYZER_NONNULL = YES;
				CLANG_ANALYZER_NUMBER_OBJECT_CONVERSION = YES_AGGRESSIVE;
				CLANG_CXX_LANGUAGE_STANDARD = "gnu++17";
				CLANG_ENABLE_MODULES = YES;
				CLANG_ENABLE_OBJC_ARC = YES;
				CLANG_ENABLE_OBJC_WEAK = YES;
				CLANG_WARN_BLOCK_CAPTURE_AUTORELEASING = YES;
				CLANG_WARN_BOOL_CONVERSION = YES;
				CLANG_WARN_COMMA = YES;
				CLANG_WARN_CONSTANT_CONVERSION = YES;
				CLANG_WARN_DEPRECATED_OBJC_IMPLEMENTATIONS = YES;
				CLANG_WARN_DIRECT_OBJC_ISA_USAGE = YES_ERROR;
				CLANG_WARN_DOCUMENTATION_COMMENTS = YES;
				CLANG_WARN_EMPTY_BODY = YES;
				CLANG_WARN_ENUM_CONVERSION = YES;
				CLANG_WARN_INFINITE_RECURSION = YES;
				CLANG_WARN_INT_CONVERSION = YES;
				CLANG_WARN_NON_LITERAL_NULL_CONVERSION = YES;
				CLANG_WARN_OBJC_IMPLICIT_RETAIN_SELF = YES;
				CLANG_WARN_OBJC_LITERAL_CONVERSION = YES;
				CLANG_WARN_OBJC_ROOT_CLASS = YES_ERROR;
				CLANG_WARN_QUOTED_INCLUDE_IN_FRAMEWORK_HEADER = YES;
				CLANG_WARN_RANGE_LOOP_ANALYSIS = YES;
				CLANG_WARN_STRICT_PROTOTYPES = YES;
				CLANG_WARN_SUSPICIOUS_MOVE = YES;
				CLANG_WARN_UNGUARDED_AVAILABILITY = YES_AGGRESSIVE;
				CLANG_WARN_UNREACHABLE_CODE = YES;
				CLANG_WARN__DUPLICATE_METHOD_MATCH = YES;
				COPY_PHASE_STRIP = NO;
				DEBUG_INFORMATION_FORMAT = "dwarf-with-dsym";
				ENABLE_NS_ASSERTIONS = NO;
				ENABLE_STRICT_OBJC_MSGSEND = YES;
				GCC_C_LANGUAGE_STANDARD = gnu11;
				GCC_NO_COMMON_BLOCKS = YES;
				GCC_WARN_64_TO_32_BIT_CONVERSION = YES;
				GCC_WARN_ABOUT_RETURN_TYPE = YES_ERROR;
				GCC_WARN_UNDECLARED_SELECTOR = YES;
				GCC_WARN_UNINITIALIZED_AUTOS = YES_AGGRESSIVE;
				GCC_WARN_UNUSED_FUNCTION = YES;
				GCC_WARN_UNUSED_VARIABLE = YES;
				IPHONEOS_DEPLOYMENT_TARGET = 15.4;
				MTL_ENABLE_DEBUG_INFO = NO;
				MTL_FAST_MATH = YES;
				SDKROOT = iphoneos;
				SWIFT_COMPILATION_MODE = wholemodule;
				SWIFT_OPTIMIZATION_LEVEL = "-O";
				VALIDATE_PRODUCT = YES;
			};
			name = Release;
		};
		A1BA48282840BBD800A0997A /* Debug */ = {
			isa = XCBuildConfiguration;
			buildSettings = {
				ASSETCATALOG_COMPILER_APPICON_NAME = AppIcon;
				ASSETCATALOG_COMPILER_GLOBAL_ACCENT_COLOR_NAME = AccentColor;
				CODE_SIGN_STYLE = Automatic;
				CURRENT_PROJECT_VERSION = 1;
				DEVELOPMENT_TEAM = A55B4JSB5L;
				GENERATE_INFOPLIST_FILE = YES;
				INFOPLIST_FILE = MVVM_TestProject/Info.plist;
				INFOPLIST_KEY_UIApplicationSupportsIndirectInputEvents = YES;
				INFOPLIST_KEY_UILaunchStoryboardName = LaunchScreen;
				INFOPLIST_KEY_UIMainStoryboardFile = Main;
				INFOPLIST_KEY_UISupportedInterfaceOrientations_iPad = "UIInterfaceOrientationPortrait UIInterfaceOrientationPortraitUpsideDown UIInterfaceOrientationLandscapeLeft UIInterfaceOrientationLandscapeRight";
				INFOPLIST_KEY_UISupportedInterfaceOrientations_iPhone = "UIInterfaceOrientationPortrait UIInterfaceOrientationLandscapeLeft UIInterfaceOrientationLandscapeRight";
				LD_RUNPATH_SEARCH_PATHS = (
					"$(inherited)",
					"@executable_path/Frameworks",
				);
				MARKETING_VERSION = 1.0;
				PRODUCT_BUNDLE_IDENTIFIER = "com.oksana.poliakova.MVVM-TestProject";
				PRODUCT_NAME = "$(TARGET_NAME)";
				SWIFT_EMIT_LOC_STRINGS = YES;
				SWIFT_VERSION = 5.0;
				TARGETED_DEVICE_FAMILY = "1,2";
			};
			name = Debug;
		};
		A1BA48292840BBD800A0997A /* Release */ = {
			isa = XCBuildConfiguration;
			buildSettings = {
				ASSETCATALOG_COMPILER_APPICON_NAME = AppIcon;
				ASSETCATALOG_COMPILER_GLOBAL_ACCENT_COLOR_NAME = AccentColor;
				CODE_SIGN_STYLE = Automatic;
				CURRENT_PROJECT_VERSION = 1;
				DEVELOPMENT_TEAM = A55B4JSB5L;
				GENERATE_INFOPLIST_FILE = YES;
				INFOPLIST_FILE = MVVM_TestProject/Info.plist;
				INFOPLIST_KEY_UIApplicationSupportsIndirectInputEvents = YES;
				INFOPLIST_KEY_UILaunchStoryboardName = LaunchScreen;
				INFOPLIST_KEY_UIMainStoryboardFile = Main;
				INFOPLIST_KEY_UISupportedInterfaceOrientations_iPad = "UIInterfaceOrientationPortrait UIInterfaceOrientationPortraitUpsideDown UIInterfaceOrientationLandscapeLeft UIInterfaceOrientationLandscapeRight";
				INFOPLIST_KEY_UISupportedInterfaceOrientations_iPhone = "UIInterfaceOrientationPortrait UIInterfaceOrientationLandscapeLeft UIInterfaceOrientationLandscapeRight";
				LD_RUNPATH_SEARCH_PATHS = (
					"$(inherited)",
					"@executable_path/Frameworks",
				);
				MARKETING_VERSION = 1.0;
				PRODUCT_BUNDLE_IDENTIFIER = "com.oksana.poliakova.MVVM-TestProject";
				PRODUCT_NAME = "$(TARGET_NAME)";
				SWIFT_EMIT_LOC_STRINGS = YES;
				SWIFT_VERSION = 5.0;
				TARGETED_DEVICE_FAMILY = "1,2";
			};
			name = Release;
		};
/* End XCBuildConfiguration section */

/* Begin XCConfigurationList section */
		A1BA480E2840BBD500A0997A /* Build configuration list for PBXProject "MVVM_TestProject" */ = {
			isa = XCConfigurationList;
			buildConfigurations = (
				A1BA48252840BBD800A0997A /* Debug */,
				A1BA48262840BBD800A0997A /* Release */,
			);
			defaultConfigurationIsVisible = 0;
			defaultConfigurationName = Release;
		};
		A1BA48272840BBD800A0997A /* Build configuration list for PBXNativeTarget "MVVM_TestProject" */ = {
			isa = XCConfigurationList;
			buildConfigurations = (
				A1BA48282840BBD800A0997A /* Debug */,
				A1BA48292840BBD800A0997A /* Release */,
			);
			defaultConfigurationIsVisible = 0;
			defaultConfigurationName = Release;
		};
/* End XCConfigurationList section */
	};
	rootObject = A1BA480B2840BBD500A0997A /* Project object */;
}
